PODS:
  - AFNetworking (3.1.0):
    - AFNetworking/NSURLSession (= 3.1.0)
    - AFNetworking/Reachability (= 3.1.0)
    - AFNetworking/Security (= 3.1.0)
    - AFNetworking/Serialization (= 3.1.0)
    - AFNetworking/UIKit (= 3.1.0)
  - AFNetworking/NSURLSession (3.1.0):
    - AFNetworking/Reachability
    - AFNetworking/Security
    - AFNetworking/Serialization
  - AFNetworking/Reachability (3.1.0)
  - AFNetworking/Security (3.1.0)
  - AFNetworking/Serialization (3.1.0)
  - AFNetworking/UIKit (3.1.0):
    - AFNetworking/NSURLSession
  - AMap3DMap (4.5.0):
    - AMapFoundation (~> 1.3)
  - AMapFoundation (1.3.2)
  - AMapLocation (2.2.0):
    - AMapFoundation (~> 1.3)
  - AMapSearch (4.4.1):
    - AMapFoundation (~> 1.2)
  - CocoaLumberjack (3.0.0):
    - CocoaLumberjack/Default (= 3.0.0)
    - CocoaLumberjack/Extensions (= 3.0.0)
  - CocoaLumberjack/Core (3.0.0)
  - CocoaLumberjack/Default (3.0.0):
    - CocoaLumberjack/Core
  - CocoaLumberjack/Extensions (3.0.0):
    - CocoaLumberjack/Default
  - CYLTabBarController (1.7.0)
  - FMDB (2.6.2):
    - FMDB/standard (= 2.6.2)
  - FMDB/standard (2.6.2)
  - HMSegmentedControl (1.5.3)
  - IQDropDownTextField (1.1.0)
  - JVFloatingDrawer (0.1.0)
  - Masonry (1.0.2)
  - MBProgressHUD (1.0.0)
  - MJRefresh (3.1.12)
  - MMPlaceHolder (1.9)
  - MMPopupView (1.7.2):
    - Masonry
  - PNChart (0.8.9):
    - UICountingLabel (~> 1.2.0)
  - RealReachability (1.1.8):
    - RealReachability/Connection (= 1.1.8)
    - RealReachability/Ping (= 1.1.8)
  - RealReachability/Connection (1.1.8)
  - RealReachability/Ping (1.1.8)
  - SDCycleScrollView (1.65):
    - SDWebImage (~> 3.7)
  - SDWebImage (3.8.2):
    - SDWebImage/Core (= 3.8.2)
  - SDWebImage/Core (3.8.2)
  - SVProgressHUD (1.1.3)
  - TEAChart (1.0.0)
  - UICountingLabel (1.2.0)
  - WebViewJavascriptBridge (5.0.5)

DEPENDENCIES:
  - AFNetworking
  - AMap3DMap
  - AMapLocation
  - AMapSearch
  - CocoaLumberjack
  - CYLTabBarController
  - FMDB
  - HMSegmentedControl
  - IQDropDownTextField
  - JVFloatingDrawer
  - Masonry
  - MBProgressHUD
  - MJRefresh
  - MMPlaceHolder
  - MMPopupView
  - PNChart
  - RealReachability
  - SDCycleScrollView
  - SDWebImage
  - SVProgressHUD (= 1.1.3)
  - TEAChart
  - WebViewJavascriptBridge (~> 5.0)

SPEC CHECKSUMS:
  AFNetworking: 5e0e199f73d8626b11e79750991f5d173d1f8b67
  AMap3DMap: ac2a5aa9c1d689ad67a07f5925e2bbeadaff3c37
  AMapFoundation: 843dc27b2c02bc0bc2ef3346bb3dd0456cf64dbb
  AMapLocation: 3f2005c6dec6a7a1107258d0cde43b9d7399d217
  AMapSearch: 16a50b493ad419e8b6b81bafdeca7570db52f28e
  CocoaLumberjack: c823149bccc5519a9447aeb433be7b1212a7d6a5
  CYLTabBarController: 925ec82de4ae6f89b6277c8d406853d2d29b5562
  FMDB: 854a0341b4726e53276f2a8996f06f1b80f9259a
  HMSegmentedControl: 7c6145afb50f26cec5f3243082f6f12b9f41318f
  IQDropDownTextField: 614f79ca905529c992045eaa112d0fc9ebb875d1
  JVFloatingDrawer: 4782b1df21411aef2c1818f3b346cace02cc2e24
  Masonry: 7c429b56da9d4ee0bbb3ed77a5ea710d6a5df39e
  MBProgressHUD: 4890f671c94e8a0f3cf959aa731e9de2f036d71a
  MJRefresh: b96cdb21c4aa75a7b07654311ab2f315c497e806
  MMPlaceHolder: 40212b9dfe8760134b1b2fce3232f0d46200178f
  MMPopupView: fe1dd010824029dfb632fdf1a531db5dd5386020
  PNChart: 84774d225c2126ded6c93d4dbe6ae98c3a73c2d2
  RealReachability: e6c8a2bbffa316006e8c282efc1ee2567d61a920
  SDCycleScrollView: f72904c77698a7f93a41bcbbc2d78b073bf7326c
  SDWebImage: 098e97e6176540799c27e804c96653ee0833d13c
  SVProgressHUD: 748080e4f36e603f6c02aec292664239df5279c1
  TEAChart: 4bfb34461d9da2672d3e63ccf1a486e5bb4bceb7
  UICountingLabel: 1db4e7d023e1762171eb226d6dff47a7a84f27aa
  WebViewJavascriptBridge: a4d502315f1b8d9a51cd6a9174147ed567ec3bc5

PODFILE CHECKSUM: d4cc03a98301c3fac4ce6d5637d2eb1bbe6fb7f9

COCOAPODS: 1.1.1
